{
  "name": "multi-tools-website",
  "version": "1.0.0",
  "lockfileVersion": 2,
  "requires": true,
  "packages": {
    "": {
      "name": "multi-tools-website",
      "version": "1.0.0",
      "license": "ISC",
      "dependencies": {
        "fullpage.js": "^4.0.9"
      }
    },
    "node_modules/fullpage.js": {
      "version": "4.0.9",
      "resolved": "https://registry.npmjs.org/fullpage.js/-/fullpage.js-4.0.9.tgz",
      "integrity": "sha512-/P9P8WqK5B1ZKGqT9PQmDdQY2xTg2lt3ersb+/X1kA47NlBakNyS/W4Zw9otW1loG2Or2OAh15VKaJVPsdMNVw=="
    }
  },
  "dependencies": {
    "fullpage.js": {
      "version": "4.0.9",
      "resolved": "https://registry.npmjs.org/fullpage.js/-/fullpage.js-4.0.9.tgz",
      "integrity": "sha512-/P9P8WqK5B1ZKGqT9PQmDdQY2xTg2lt3ersb+/X1kA47NlBakNyS/W4Zw9otW1loG2Or2OAh15VKaJVPsdMNVw=="
    }
  }
}
